{
  "name": "vanilla",
  "version": "1.0.0",
  "lockfileVersion": 1,
  "requires": true,
  "dependencies": {
    "@babel/runtime-corejs2": {
      "version": "7.3.1",
      "resolved": "https://registry.npmjs.org/@babel/runtime-corejs2/-/runtime-corejs2-7.3.1.tgz",
      "integrity": "sha512-YpO13776h3e6Wy8dl2J8T9Qwlvopr+b4trCEhHE+yek6yIqV8sx6g3KozdHMbXeBpjosbPi+Ii5Z7X9oXFHUKA==",
      "requires": {
        "core-js": "^2.5.7",
        "regenerator-runtime": "^0.12.0"
      }
    },
    "axios": {
      "version": "0.18.0",
      "resolved": "https://registry.npmjs.org/axios/-/axios-0.18.0.tgz",
      "integrity": "sha1-MtU+SFHv3AoRmTts0AB4nXDAUQI=",
      "requires": {
        "follow-redirects": "^1.3.0",
        "is-buffer": "^1.1.5"
      }
    },
    "colors": {
      "version": "1.3.3",
      "resolved": "https://registry.npmjs.org/colors/-/colors-1.3.3.tgz",
      "integrity": "sha512-mmGt/1pZqYRjMxB1axhTo16/snVZ5krrKkcmMeVKxzECMMXoCgnvTPp10QgHfcbQZw8Dq2jMNG6je4JlWU0gWg=="
    },
    "core-js": {
      "version": "2.6.3",
      "resolved": "https://registry.npmjs.org/core-js/-/core-js-2.6.3.tgz",
      "integrity": "sha512-l00tmFFZOBHtYhN4Cz7k32VM7vTn3rE2ANjQDxdEN6zmXZ/xq1jQuutnmHvMG1ZJ7xd72+TA5YpUK8wz3rWsfQ=="
    },
    "debug": {
      "version": "3.1.0",
      "resolved": "https://registry.npmjs.org/debug/-/debug-3.1.0.tgz",
      "integrity": "sha512-OX8XqP7/1a9cqkxYw2yXss15f26NKWBpDXQd0/uK/KPqdQhxbPa994hnzjcE2VqQpDslf55723cKPUOGSmMY3g==",
      "requires": {
        "ms": "2.0.0"
      }
    },
    "follow-redirects": {
      "version": "1.6.1",
      "resolved": "https://registry.npmjs.org/follow-redirects/-/follow-redirects-1.6.1.tgz",
      "integrity": "sha512-t2JCjbzxQpWvbhts3l6SH1DKzSrx8a+SsaVf4h6bG4kOXUuPYS/kg2Lr4gQSb7eemaHqJkOThF1BGyjlUkO1GQ==",
      "requires": {
        "debug": "=3.1.0"
      }
    },
    "is-buffer": {
      "version": "1.1.6",
      "resolved": "https://registry.npmjs.org/is-buffer/-/is-buffer-1.1.6.tgz",
      "integrity": "sha512-NcdALwpXkTm5Zvvbk7owOUSvVvBKDgKP5/ewfXEznmQFfs4ZRmanOeKBTjRVjka3QFoN6XJ+9F3USqfHqTaU5w=="
    },
    "ms": {
      "version": "2.0.0",
      "resolved": "https://registry.npmjs.org/ms/-/ms-2.0.0.tgz",
      "integrity": "sha1-VgiurfwAvmwpAd9fmGF4jeDVl8g="
    },
    "regenerator-runtime": {
      "version": "0.12.1",
      "resolved": "https://registry.npmjs.org/regenerator-runtime/-/regenerator-runtime-0.12.1.tgz",
      "integrity": "sha512-odxIc1/vDlo4iZcfXqRYFj0vpXFNoGdKMAUieAlFYO6m/nl5e9KR/beGf41z4a1FI+aQgtjhuaSlDxQ0hmkrHg=="
    },
    "xregexp": {
      "version": "4.2.4",
      "resolved": "https://registry.npmjs.org/xregexp/-/xregexp-4.2.4.tgz",
      "integrity": "sha512-sO0bYdYeJAJBcJA8g7MJJX7UrOZIfJPd8U2SC7B2Dd/J24U0aQNoGp33shCaBSWeb0rD5rh6VBUIXOkGal1TZA==",
      "requires": {
        "@babel/runtime-corejs2": "^7.2.0"
      }
    }
  }
}
